// !$*UTF8*$!
{
	archiveVersion = 1;
	classes = {
	};
	objectVersion = 50;
	objects = {

/* Begin PBXBuildFile section */
		043B51F026565F9F00F11C1A /* AppDelegate.m in Sources */ = {isa = PBXBuildFile; fileRef = 043B51EF26565F9F00F11C1A /* AppDelegate.m */; };
		043B51F326565F9F00F11C1A /* SceneDelegate.m in Sources */ = {isa = PBXBuildFile; fileRef = 043B51F226565F9F00F11C1A /* SceneDelegate.m */; };
		043B51F626565F9F00F11C1A /* ViewController.m in Sources */ = {isa = PBXBuildFile; fileRef = 043B51F526565F9F00F11C1A /* ViewController.m */; };
		043B51F926565F9F00F11C1A /* Main.storyboard in Resources */ = {isa = PBXBuildFile; fileRef = 043B51F726565F9F00F11C1A /* Main.storyboard */; };
		043B51FB26565FA200F11C1A /* Assets.xcassets in Resources */ = {isa = PBXBuildFile; fileRef = 043B51FA26565FA200F11C1A /* Assets.xcassets */; };
		043B51FE26565FA200F11C1A /* LaunchScreen.storyboard in Resources */ = {isa = PBXBuildFile; fileRef = 043B51FC26565FA200F11C1A /* LaunchScreen.storyboard */; };
		043B520126565FA200F11C1A /* main.m in Sources */ = {isa = PBXBuildFile; fileRef = 043B520026565FA200F11C1A /* main.m */; };
		043B5209265660C400F11C1A /* VINDetectionViewController.mm in Sources */ = {isa = PBXBuildFile; fileRef = 043B5208265660C400F11C1A /* VINDetectionViewController.mm */; };
		043B520F2656623800F11C1A /* ch_det_mv3_db_opt.nb in Resources */ = {isa = PBXBuildFile; fileRef = 043B520C2656623800F11C1A /* ch_det_mv3_db_opt.nb */; };
		043B52102656623800F11C1A /* ch_rec_mv3_crnn_opt.nb in Resources */ = {isa = PBXBuildFile; fileRef = 043B520D2656623800F11C1A /* ch_rec_mv3_crnn_opt.nb */; };
		043B5221265662DB00F11C1A /* OcrData.m in Sources */ = {isa = PBXBuildFile; fileRef = 043B5220265662DB00F11C1A /* OcrData.m */; };
		043B5223265662E400F11C1A /* label_list.txt in Resources */ = {isa = PBXBuildFile; fileRef = 043B5222265662E300F11C1A /* label_list.txt */; };
		043B522E265663A200F11C1A /* ocr_clipper.cpp in Sources */ = {isa = PBXBuildFile; fileRef = 043B5228265663A200F11C1A /* ocr_clipper.cpp */; };
		043B522F265663A200F11C1A /* ocr_db_post_process.cpp in Sources */ = {isa = PBXBuildFile; fileRef = 043B522A265663A200F11C1A /* ocr_db_post_process.cpp */; };
		043B5230265663A200F11C1A /* ocr_crnn_process.cpp in Sources */ = {isa = PBXBuildFile; fileRef = 043B522B265663A200F11C1A /* ocr_crnn_process.cpp */; };
		043B52342656672100F11C1A /* libpaddle_api_light_bundled.a in Resources */ = {isa = PBXBuildFile; fileRef = 043B52132656623E00F11C1A /* libpaddle_api_light_bundled.a */; };
		04520AE32657444900D435F1 /* AVFoundation.framework in Frameworks */ = {isa = PBXBuildFile; fileRef = 04520AE22657444900D435F1 /* AVFoundation.framework */; };
		04520AE52657444F00D435F1 /* CoreImage.framework in Frameworks */ = {isa = PBXBuildFile; fileRef = 04520AE42657444F00D435F1 /* CoreImage.framework */; };
		04520AE92657446F00D435F1 /* CoreGraphics.framework in Frameworks */ = {isa = PBXBuildFile; fileRef = 04520AE82657446F00D435F1 /* CoreGraphics.framework */; };
		04520AED2657459400D435F1 /* CoreMedia.framework in Frameworks */ = {isa = PBXBuildFile; fileRef = 04520AEC2657459400D435F1 /* CoreMedia.framework */; };
		04520AEF26574EEA00D435F1 /* opencv2.framework in Frameworks */ = {isa = PBXBuildFile; fileRef = 04520AEE26574EEA00D435F1 /* opencv2.framework */; };
		04520AF12657527900D435F1 /* scanSuccess.wav in Resources */ = {isa = PBXBuildFile; fileRef = 04520AF02657527900D435F1 /* scanSuccess.wav */; };
		04520AF32657530D00D435F1 /* AudioToolbox.framework in Frameworks */ = {isa = PBXBuildFile; fileRef = 04520AF22657530D00D435F1 /* AudioToolbox.framework */; };
/* End PBXBuildFile section */

/* Begin PBXFileReference section */
		043B51EB26565F9F00F11C1A /* TextDetection-VIN3.app */ = {isa = PBXFileReference; explicitFileType = wrapper.application; includeInIndex = 0; path = "TextDetection-VIN3.app"; sourceTree = BUILT_PRODUCTS_DIR; };
		043B51EE26565F9F00F11C1A /* AppDelegate.h */ = {isa = PBXFileReference; lastKnownFileType = sourcecode.c.h; path = AppDelegate.h; sourceTree = "<group>"; };
		043B51EF26565F9F00F11C1A /* AppDelegate.m */ = {isa = PBXFileReference; lastKnownFileType = sourcecode.c.objc; path = AppDelegate.m; sourceTree = "<group>"; };
		043B51F126565F9F00F11C1A /* SceneDelegate.h */ = {isa = PBXFileReference; lastKnownFileType = sourcecode.c.h; path = SceneDelegate.h; sourceTree = "<group>"; };
		043B51F226565F9F00F11C1A /* SceneDelegate.m */ = {isa = PBXFileReference; lastKnownFileType = sourcecode.c.objc; path = SceneDelegate.m; sourceTree = "<group>"; };
		043B51F426565F9F00F11C1A /* ViewController.h */ = {isa = PBXFileReference; lastKnownFileType = sourcecode.c.h; path = ViewController.h; sourceTree = "<group>"; };
		043B51F526565F9F00F11C1A /* ViewController.m */ = {isa = PBXFileReference; lastKnownFileType = sourcecode.c.objc; path = ViewController.m; sourceTree = "<group>"; };
		043B51F826565F9F00F11C1A /* Base */ = {isa = PBXFileReference; lastKnownFileType = file.storyboard; name = Base; path = Base.lproj/Main.storyboard; sourceTree = "<group>"; };
		043B51FA26565FA200F11C1A /* Assets.xcassets */ = {isa = PBXFileReference; lastKnownFileType = folder.assetcatalog; path = Assets.xcassets; sourceTree = "<group>"; };
		043B51FD26565FA200F11C1A /* Base */ = {isa = PBXFileReference; lastKnownFileType = file.storyboard; name = Base; path = Base.lproj/LaunchScreen.storyboard; sourceTree = "<group>"; };
		043B51FF26565FA200F11C1A /* Info.plist */ = {isa = PBXFileReference; lastKnownFileType = text.plist.xml; path = Info.plist; sourceTree = "<group>"; };
		043B520026565FA200F11C1A /* main.m */ = {isa = PBXFileReference; lastKnownFileType = sourcecode.c.objc; path = main.m; sourceTree = "<group>"; };
		043B5207265660C400F11C1A /* VINDetectionViewController.h */ = {isa = PBXFileReference; lastKnownFileType = sourcecode.c.h; path = VINDetectionViewController.h; sourceTree = "<group>"; };
		043B5208265660C400F11C1A /* VINDetectionViewController.mm */ = {isa = PBXFileReference; lastKnownFileType = sourcecode.cpp.objcpp; path = VINDetectionViewController.mm; sourceTree = "<group>"; };
		043B520C2656623800F11C1A /* ch_det_mv3_db_opt.nb */ = {isa = PBXFileReference; lastKnownFileType = file; path = ch_det_mv3_db_opt.nb; sourceTree = "<group>"; };
		043B520D2656623800F11C1A /* ch_rec_mv3_crnn_opt.nb */ = {isa = PBXFileReference; lastKnownFileType = file; path = ch_rec_mv3_crnn_opt.nb; sourceTree = "<group>"; };
		043B52132656623E00F11C1A /* libpaddle_api_light_bundled.a */ = {isa = PBXFileReference; lastKnownFileType = archive.ar; path = libpaddle_api_light_bundled.a; sourceTree = "<group>"; };
		043B52162656624300F11C1A /* paddle_lite_factory_helper.h */ = {isa = PBXFileReference; fileEncoding = 4; lastKnownFileType = sourcecode.c.h; path = paddle_lite_factory_helper.h; sourceTree = "<group>"; };
		043B52172656624300F11C1A /* paddle_use_ops.h */ = {isa = PBXFileReference; fileEncoding = 4; lastKnownFileType = sourcecode.c.h; path = paddle_use_ops.h; sourceTree = "<group>"; };
		043B52182656624300F11C1A /* paddle_use_kernels.h */ = {isa = PBXFileReference; fileEncoding = 4; lastKnownFileType = sourcecode.c.h; path = paddle_use_kernels.h; sourceTree = "<group>"; };
		043B52192656624300F11C1A /* paddle_use_passes.h */ = {isa = PBXFileReference; fileEncoding = 4; lastKnownFileType = sourcecode.c.h; path = paddle_use_passes.h; sourceTree = "<group>"; };
		043B521A2656624300F11C1A /* paddle_image_preprocess.h */ = {isa = PBXFileReference; fileEncoding = 4; lastKnownFileType = sourcecode.c.h; path = paddle_image_preprocess.h; sourceTree = "<group>"; };
		043B521B2656624300F11C1A /* paddle_place.h */ = {isa = PBXFileReference; fileEncoding = 4; lastKnownFileType = sourcecode.c.h; path = paddle_place.h; sourceTree = "<group>"; };
		043B521C2656624300F11C1A /* paddle_api.h */ = {isa = PBXFileReference; fileEncoding = 4; lastKnownFileType = sourcecode.c.h; path = paddle_api.h; sourceTree = "<group>"; };
		043B521F265662DB00F11C1A /* OcrData.h */ = {isa = PBXFileReference; fileEncoding = 4; lastKnownFileType = sourcecode.c.h; path = OcrData.h; sourceTree = "<group>"; };
		043B5220265662DB00F11C1A /* OcrData.m */ = {isa = PBXFileReference; fileEncoding = 4; lastKnownFileType = sourcecode.c.objc; path = OcrData.m; sourceTree = "<group>"; };
		043B5222265662E300F11C1A /* label_list.txt */ = {isa = PBXFileReference; fileEncoding = 4; lastKnownFileType = text; path = label_list.txt; sourceTree = "<group>"; };
		043B5228265663A200F11C1A /* ocr_clipper.cpp */ = {isa = PBXFileReference; fileEncoding = 4; lastKnownFileType = sourcecode.cpp.cpp; path = ocr_clipper.cpp; sourceTree = "<group>"; };
		043B5229265663A200F11C1A /* ocr_db_post_process.h */ = {isa = PBXFileReference; fileEncoding = 4; lastKnownFileType = sourcecode.c.h; path = ocr_db_post_process.h; sourceTree = "<group>"; };
		043B522A265663A200F11C1A /* ocr_db_post_process.cpp */ = {isa = PBXFileReference; fileEncoding = 4; lastKnownFileType = sourcecode.cpp.cpp; path = ocr_db_post_process.cpp; sourceTree = "<group>"; };
		043B522B265663A200F11C1A /* ocr_crnn_process.cpp */ = {isa = PBXFileReference; fileEncoding = 4; lastKnownFileType = sourcecode.cpp.cpp; path = ocr_crnn_process.cpp; sourceTree = "<group>"; };
		043B522C265663A200F11C1A /* ocr_clipper.hpp */ = {isa = PBXFileReference; fileEncoding = 4; lastKnownFileType = sourcecode.cpp.h; path = ocr_clipper.hpp; sourceTree = "<group>"; };
		043B522D265663A200F11C1A /* ocr_crnn_process.h */ = {isa = PBXFileReference; fileEncoding = 4; lastKnownFileType = sourcecode.c.h; path = ocr_crnn_process.h; sourceTree = "<group>"; };
		04520AE22657444900D435F1 /* AVFoundation.framework */ = {isa = PBXFileReference; lastKnownFileType = wrapper.framework; name = AVFoundation.framework; path = System/Library/Frameworks/AVFoundation.framework; sourceTree = SDKROOT; };
		04520AE42657444F00D435F1 /* CoreImage.framework */ = {isa = PBXFileReference; lastKnownFileType = wrapper.framework; name = CoreImage.framework; path = System/Library/Frameworks/CoreImage.framework; sourceTree = SDKROOT; };
		04520AE62657445900D435F1 /* libc++.tbd */ = {isa = PBXFileReference; lastKnownFileType = "sourcecode.text-based-dylib-definition"; name = "libc++.tbd"; path = "usr/lib/libc++.tbd"; sourceTree = SDKROOT; };
		04520AE82657446F00D435F1 /* CoreGraphics.framework */ = {isa = PBXFileReference; lastKnownFileType = wrapper.framework; name = CoreGraphics.framework; path = System/Library/Frameworks/CoreGraphics.framework; sourceTree = SDKROOT; };
		04520AEA2657457F00D435F1 /* AssetsLibrary.framework */ = {isa = PBXFileReference; lastKnownFileType = wrapper.framework; name = AssetsLibrary.framework; path = System/Library/Frameworks/AssetsLibrary.framework; sourceTree = SDKROOT; };
		04520AEC2657459400D435F1 /* CoreMedia.framework */ = {isa = PBXFileReference; lastKnownFileType = wrapper.framework; name = CoreMedia.framework; path = System/Library/Frameworks/CoreMedia.framework; sourceTree = SDKROOT; };
		04520AEE26574EEA00D435F1 /* opencv2.framework */ = {isa = PBXFileReference; lastKnownFileType = wrapper.framework; path = opencv2.framework; sourceTree = "<group>"; };
		04520AF02657527900D435F1 /* scanSuccess.wav */ = {isa = PBXFileReference; lastKnownFileType = audio.wav; path = scanSuccess.wav; sourceTree = "<group>"; };
		04520AF22657530D00D435F1 /* AudioToolbox.framework */ = {isa = PBXFileReference; lastKnownFileType = wrapper.framework; name = AudioToolbox.framework; path = System/Library/Frameworks/AudioToolbox.framework; sourceTree = SDKROOT; };
/* End PBXFileReference section */

/* Begin PBXFrameworksBuildPhase section */
		043B51E826565F9F00F11C1A /* Frameworks */ = {
			isa = PBXFrameworksBuildPhase;
			buildActionMask = 2147483647;
			files = (
				04520AE32657444900D435F1 /* AVFoundation.framework in Frameworks */,
				04520AE92657446F00D435F1 /* CoreGraphics.framework in Frameworks */,
				04520AE52657444F00D435F1 /* CoreImage.framework in Frameworks */,
				04520AEF26574EEA00D435F1 /* opencv2.framework in Frameworks */,
				04520AED2657459400D435F1 /* CoreMedia.framework in Frameworks */,
				04520AF32657530D00D435F1 /* AudioToolbox.framework in Frameworks */,
			);
			runOnlyForDeploymentPostprocessing = 0;
		};
/* End PBXFrameworksBuildPhase section */

/* Begin PBXGroup section */
		043B51E226565F9F00F11C1A = {
			isa = PBXGroup;
			children = (
				043B51ED26565F9F00F11C1A /* TextDetection-VIN3 */,
				043B51EC26565F9F00F11C1A /* Products */,
				04520AE12657444900D435F1 /* Frameworks */,
			);
			sourceTree = "<group>";
		};
		043B51EC26565F9F00F11C1A /* Products */ = {
			isa = PBXGroup;
			children = (
				043B51EB26565F9F00F11C1A /* TextDetection-VIN3.app */,
			);
			name = Products;
			sourceTree = "<group>";
		};
		043B51ED26565F9F00F11C1A /* TextDetection-VIN3 */ = {
			isa = PBXGroup;
			children = (
				043B520A2656620500F11C1A /* PaddleOCR */,
				043B51EE26565F9F00F11C1A /* AppDelegate.h */,
				043B51EF26565F9F00F11C1A /* AppDelegate.m */,
				043B51F126565F9F00F11C1A /* SceneDelegate.h */,
				043B51F226565F9F00F11C1A /* SceneDelegate.m */,
				043B51F426565F9F00F11C1A /* ViewController.h */,
				043B51F526565F9F00F11C1A /* ViewController.m */,
				043B5207265660C400F11C1A /* VINDetectionViewController.h */,
				043B5208265660C400F11C1A /* VINDetectionViewController.mm */,
				043B51F726565F9F00F11C1A /* Main.storyboard */,
				043B51FA26565FA200F11C1A /* Assets.xcassets */,
				043B51FC26565FA200F11C1A /* LaunchScreen.storyboard */,
				043B51FF26565FA200F11C1A /* Info.plist */,
				043B520026565FA200F11C1A /* main.m */,
			);
			path = "TextDetection-VIN3";
			sourceTree = "<group>";
		};
		043B520A2656620500F11C1A /* PaddleOCR */ = {
			isa = PBXGroup;
			children = (
				04520AF02657527900D435F1 /* scanSuccess.wav */,
				04520AEE26574EEA00D435F1 /* opencv2.framework */,
				043B5222265662E300F11C1A /* label_list.txt */,
				043B521F265662DB00F11C1A /* OcrData.h */,
				043B5220265662DB00F11C1A /* OcrData.m */,
				043B5227265663A200F11C1A /* pdocr */,
				043B52152656624300F11C1A /* include */,
				043B52122656623E00F11C1A /* lib */,
				043B520B2656623800F11C1A /* models */,
			);
			path = PaddleOCR;
			sourceTree = "<group>";
		};
		043B520B2656623800F11C1A /* models */ = {
			isa = PBXGroup;
			children = (
				043B520C2656623800F11C1A /* ch_det_mv3_db_opt.nb */,
				043B520D2656623800F11C1A /* ch_rec_mv3_crnn_opt.nb */,
			);
			path = models;
			sourceTree = "<group>";
		};
		043B52122656623E00F11C1A /* lib */ = {
			isa = PBXGroup;
			children = (
				043B52132656623E00F11C1A /* libpaddle_api_light_bundled.a */,
			);
			path = lib;
			sourceTree = "<group>";
		};
		043B52152656624300F11C1A /* include */ = {
			isa = PBXGroup;
			children = (
				043B52162656624300F11C1A /* paddle_lite_factory_helper.h */,
				043B52172656624300F11C1A /* paddle_use_ops.h */,
				043B52182656624300F11C1A /* paddle_use_kernels.h */,
				043B52192656624300F11C1A /* paddle_use_passes.h */,
				043B521A2656624300F11C1A /* paddle_image_preprocess.h */,
				043B521B2656624300F11C1A /* paddle_place.h */,
				043B521C2656624300F11C1A /* paddle_api.h */,
			);
			path = include;
			sourceTree = "<group>";
		};
		043B5227265663A200F11C1A /* pdocr */ = {
			isa = PBXGroup;
			children = (
				043B5228265663A200F11C1A /* ocr_clipper.cpp */,
				043B522C265663A200F11C1A /* ocr_clipper.hpp */,
				043B522B265663A200F11C1A /* ocr_crnn_process.cpp */,
				043B522D265663A200F11C1A /* ocr_crnn_process.h */,
				043B522A265663A200F11C1A /* ocr_db_post_process.cpp */,
				043B5229265663A200F11C1A /* ocr_db_post_process.h */,
			);
			path = pdocr;
			sourceTree = "<group>";
		};
		04520AE12657444900D435F1 /* Frameworks */ = {
			isa = PBXGroup;
			children = (
				04520AF22657530D00D435F1 /* AudioToolbox.framework */,
				04520AEC2657459400D435F1 /* CoreMedia.framework */,
				04520AEA2657457F00D435F1 /* AssetsLibrary.framework */,
				04520AE82657446F00D435F1 /* CoreGraphics.framework */,
				04520AE62657445900D435F1 /* libc++.tbd */,
				04520AE42657444F00D435F1 /* CoreImage.framework */,
				04520AE22657444900D435F1 /* AVFoundation.framework */,
			);
			name = Frameworks;
			sourceTree = "<group>";
		};
/* End PBXGroup section */

/* Begin PBXNativeTarget section */
		043B51EA26565F9F00F11C1A /* TextDetection-VIN3 */ = {
			isa = PBXNativeTarget;
			buildConfigurationList = 043B520426565FA200F11C1A /* Build configuration list for PBXNativeTarget "TextDetection-VIN3" */;
			buildPhases = (
				043B51E726565F9F00F11C1A /* Sources */,
				043B51E826565F9F00F11C1A /* Frameworks */,
				043B51E926565F9F00F11C1A /* Resources */,
			);
			buildRules = (
			);
			dependencies = (
			);
			name = "TextDetection-VIN3";
			productName = "TextDetection-VIN3";
			productReference = 043B51EB26565F9F00F11C1A /* TextDetection-VIN3.app */;
			productType = "com.apple.product-type.application";
		};
/* End PBXNativeTarget section */

/* Begin PBXProject section */
		043B51E326565F9F00F11C1A /* Project object */ = {
			isa = PBXProject;
			attributes = {
				LastUpgradeCheck = 1250;
				TargetAttributes = {
					043B51EA26565F9F00F11C1A = {
						CreatedOnToolsVersion = 12.5;
					};
				};
			};
			buildConfigurationList = 043B51E626565F9F00F11C1A /* Build configuration list for PBXProject "TextDetection-VIN3" */;
			compatibilityVersion = "Xcode 9.3";
			developmentRegion = en;
			hasScannedForEncodings = 0;
			knownRegions = (
				en,
				Base,
			);
			mainGroup = 043B51E226565F9F00F11C1A;
			productRefGroup = 043B51EC26565F9F00F11C1A /* Products */;
			projectDirPath = "";
			projectRoot = "";
			targets = (
				043B51EA26565F9F00F11C1A /* TextDetection-VIN3 */,
			);
		};
/* End PBXProject section */

/* Begin PBXResourcesBuildPhase section */
		043B51E926565F9F00F11C1A /* Resources */ = {
			isa = PBXResourcesBuildPhase;
			buildActionMask = 2147483647;
			files = (
				043B52342656672100F11C1A /* libpaddle_api_light_bundled.a in Resources */,
				04520AF12657527900D435F1 /* scanSuccess.wav in Resources */,
				043B51FE26565FA200F11C1A /* LaunchScreen.storyboard in Resources */,
				043B520F2656623800F11C1A /* ch_det_mv3_db_opt.nb in Resources */,
				043B51FB26565FA200F11C1A /* Assets.xcassets in Resources */,
				043B52102656623800F11C1A /* ch_rec_mv3_crnn_opt.nb in Resources */,
				043B51F926565F9F00F11C1A /* Main.storyboard in Resources */,
				043B5223265662E400F11C1A /* label_list.txt in Resources */,
			);
			runOnlyForDeploymentPostprocessing = 0;
		};
/* End PBXResourcesBuildPhase section */

/* Begin PBXSourcesBuildPhase section */
		043B51E726565F9F00F11C1A /* Sources */ = {
			isa = PBXSourcesBuildPhase;
			buildActionMask = 2147483647;
			files = (
				043B51F626565F9F00F11C1A /* ViewController.m in Sources */,
				043B51F026565F9F00F11C1A /* AppDelegate.m in Sources */,
				043B522E265663A200F11C1A /* ocr_clipper.cpp in Sources */,
				043B5230265663A200F11C1A /* ocr_crnn_process.cpp in Sources */,
				043B5221265662DB00F11C1A /* OcrData.m in Sources */,
				043B5209265660C400F11C1A /* VINDetectionViewController.mm in Sources */,
				043B520126565FA200F11C1A /* main.m in Sources */,
				043B51F326565F9F00F11C1A /* SceneDelegate.m in Sources */,
				043B522F265663A200F11C1A /* ocr_db_post_process.cpp in Sources */,
			);
			runOnlyForDeploymentPostprocessing = 0;
		};
/* End PBXSourcesBuildPhase section */

/* Begin PBXVariantGroup section */
		043B51F726565F9F00F11C1A /* Main.storyboard */ = {
			isa = PBXVariantGroup;
			children = (
				043B51F826565F9F00F11C1A /* Base */,
			);
			name = Main.storyboard;
			sourceTree = "<group>";
		};
		043B51FC26565FA200F11C1A /* LaunchScreen.storyboard */ = {
			isa = PBXVariantGroup;
			children = (
				043B51FD26565FA200F11C1A /* Base */,
			);
			name = LaunchScreen.storyboard;
			sourceTree = "<group>";
		};
/* End PBXVariantGroup section */

/* Begin XCBuildConfiguration section */
		043B520226565FA200F11C1A /* Debug */ = {
			isa = XCBuildConfiguration;
			buildSettings = {
				ALWAYS_SEARCH_USER_PATHS = NO;
				CLANG_ANALYZER_NONNULL = YES;
				CLANG_ANALYZER_NUMBER_OBJECT_CONVERSION = YES_AGGRESSIVE;
				CLANG_CXX_LANGUAGE_STANDARD = "gnu++14";
				CLANG_CXX_LIBRARY = "libc++";
				CLANG_ENABLE_MODULES = YES;
				CLANG_ENABLE_OBJC_ARC = YES;
				CLANG_ENABLE_OBJC_WEAK = YES;
				CLANG_WARN_BLOCK_CAPTURE_AUTORELEASING = YES;
				CLANG_WARN_BOOL_CONVERSION = YES;
				CLANG_WARN_COMMA = YES;
				CLANG_WARN_CONSTANT_CONVERSION = YES;
				CLANG_WARN_DEPRECATED_OBJC_IMPLEMENTATIONS = YES;
				CLANG_WARN_DIRECT_OBJC_ISA_USAGE = YES_ERROR;
				CLANG_WARN_DOCUMENTATION_COMMENTS = YES;
				CLANG_WARN_EMPTY_BODY = YES;
				CLANG_WARN_ENUM_CONVERSION = YES;
				CLANG_WARN_INFINITE_RECURSION = YES;
				CLANG_WARN_INT_CONVERSION = YES;
				CLANG_WARN_NON_LITERAL_NULL_CONVERSION = YES;
				CLANG_WARN_OBJC_IMPLICIT_RETAIN_SELF = YES;
				CLANG_WARN_OBJC_LITERAL_CONVERSION = YES;
				CLANG_WARN_OBJC_ROOT_CLASS = YES_ERROR;
				CLANG_WARN_QUOTED_INCLUDE_IN_FRAMEWORK_HEADER = YES;
				CLANG_WARN_RANGE_LOOP_ANALYSIS = YES;
				CLANG_WARN_STRICT_PROTOTYPES = YES;
				CLANG_WARN_SUSPICIOUS_MOVE = YES;
				CLANG_WARN_UNGUARDED_AVAILABILITY = YES_AGGRESSIVE;
				CLANG_WARN_UNREACHABLE_CODE = YES;
				CLANG_WARN__DUPLICATE_METHOD_MATCH = YES;
				COPY_PHASE_STRIP = NO;
				DEBUG_INFORMATION_FORMAT = dwarf;
				ENABLE_STRICT_OBJC_MSGSEND = YES;
				ENABLE_TESTABILITY = YES;
				GCC_C_LANGUAGE_STANDARD = gnu11;
				GCC_DYNAMIC_NO_PIC = NO;
				GCC_NO_COMMON_BLOCKS = YES;
				GCC_OPTIMIZATION_LEVEL = 0;
				GCC_PREPROCESSOR_DEFINITIONS = (
					"DEBUG=1",
					"$(inherited)",
				);
				GCC_WARN_64_TO_32_BIT_CONVERSION = YES;
				GCC_WARN_ABOUT_RETURN_TYPE = YES_ERROR;
				GCC_WARN_UNDECLARED_SELECTOR = YES;
				GCC_WARN_UNINITIALIZED_AUTOS = YES_AGGRESSIVE;
				GCC_WARN_UNUSED_FUNCTION = YES;
				GCC_WARN_UNUSED_VARIABLE = YES;
				IPHONEOS_DEPLOYMENT_TARGET = 14.5;
				MTL_ENABLE_DEBUG_INFO = INCLUDE_SOURCE;
				MTL_FAST_MATH = YES;
				ONLY_ACTIVE_ARCH = YES;
				SDKROOT = iphoneos;
			};
			name = Debug;
		};
		043B520326565FA200F11C1A /* Release */ = {
			isa = XCBuildConfiguration;
			buildSettings = {
				ALWAYS_SEARCH_USER_PATHS = NO;
				CLANG_ANALYZER_NONNULL = YES;
				CLANG_ANALYZER_NUMBER_OBJECT_CONVERSION = YES_AGGRESSIVE;
				CLANG_CXX_LANGUAGE_STANDARD = "gnu++14";
				CLANG_CXX_LIBRARY = "libc++";
				CLANG_ENABLE_MODULES = YES;
				CLANG_ENABLE_OBJC_ARC = YES;
				CLANG_ENABLE_OBJC_WEAK = YES;
				CLANG_WARN_BLOCK_CAPTURE_AUTORELEASING = YES;
				CLANG_WARN_BOOL_CONVERSION = YES;
				CLANG_WARN_COMMA = YES;
				CLANG_WARN_CONSTANT_CONVERSION = YES;
				CLANG_WARN_DEPRECATED_OBJC_IMPLEMENTATIONS = YES;
				CLANG_WARN_DIRECT_OBJC_ISA_USAGE = YES_ERROR;
				CLANG_WARN_DOCUMENTATION_COMMENTS = YES;
				CLANG_WARN_EMPTY_BODY = YES;
				CLANG_WARN_ENUM_CONVERSION = YES;
				CLANG_WARN_INFINITE_RECURSION = YES;
				CLANG_WARN_INT_CONVERSION = YES;
				CLANG_WARN_NON_LITERAL_NULL_CONVERSION = YES;
				CLANG_WARN_OBJC_IMPLICIT_RETAIN_SELF = YES;
				CLANG_WARN_OBJC_LITERAL_CONVERSION = YES;
				CLANG_WARN_OBJC_ROOT_CLASS = YES_ERROR;
				CLANG_WARN_QUOTED_INCLUDE_IN_FRAMEWORK_HEADER = YES;
				CLANG_WARN_RANGE_LOOP_ANALYSIS = YES;
				CLANG_WARN_STRICT_PROTOTYPES = YES;
				CLANG_WARN_SUSPICIOUS_MOVE = YES;
				CLANG_WARN_UNGUARDED_AVAILABILITY = YES_AGGRESSIVE;
				CLANG_WARN_UNREACHABLE_CODE = YES;
				CLANG_WARN__DUPLICATE_METHOD_MATCH = YES;
				COPY_PHASE_STRIP = NO;
				DEBUG_INFORMATION_FORMAT = "dwarf-with-dsym";
				ENABLE_NS_ASSERTIONS = NO;
				ENABLE_STRICT_OBJC_MSGSEND = YES;
				GCC_C_LANGUAGE_STANDARD = gnu11;
				GCC_NO_COMMON_BLOCKS = YES;
				GCC_WARN_64_TO_32_BIT_CONVERSION = YES;
				GCC_WARN_ABOUT_RETURN_TYPE = YES_ERROR;
				GCC_WARN_UNDECLARED_SELECTOR = YES;
				GCC_WARN_UNINITIALIZED_AUTOS = YES_AGGRESSIVE;
				GCC_WARN_UNUSED_FUNCTION = YES;
				GCC_WARN_UNUSED_VARIABLE = YES;
				IPHONEOS_DEPLOYMENT_TARGET = 14.5;
				MTL_ENABLE_DEBUG_INFO = NO;
				MTL_FAST_MATH = YES;
				SDKROOT = iphoneos;
				VALIDATE_PRODUCT = YES;
			};
			name = Release;
		};
		043B520526565FA200F11C1A /* Debug */ = {
			isa = XCBuildConfiguration;
			buildSettings = {
				ASSETCATALOG_COMPILER_APPICON_NAME = AppIcon;
				ASSETCATALOG_COMPILER_GLOBAL_ACCENT_COLOR_NAME = AccentColor;
				CLANG_WARN_QUOTED_INCLUDE_IN_FRAMEWORK_HEADER = NO;
				CODE_SIGN_IDENTITY = "iPhone Developer";
				CODE_SIGN_STYLE = Manual;
				DEVELOPMENT_TEAM = CX9724CS5M;
				FRAMEWORK_SEARCH_PATHS = (
					"$(inherited)",
					"$(PROJECT_DIR)/TextDetection-VIN3/PaddleOCR",
				);
				INFOPLIST_FILE = "TextDetection-VIN3/Info.plist";
				IPHONEOS_DEPLOYMENT_TARGET = 13.0;
				LD_RUNPATH_SEARCH_PATHS = (
					"$(inherited)",
					"@executable_path/Frameworks",
				);
				LIBRARY_SEARCH_PATHS = (
					"$(inherited)",
					"$(PROJECT_DIR)/TextDetection-VIN3/PaddleOCR/lib",
				);
				OTHER_LDFLAGS = "$(PROJECT_DIR)/TextDetection-VIN3/PaddleOCR/lib/libpaddle_api_light_bundled.a";
				PRODUCT_BUNDLE_IDENTIFIER = "com.edu-edu.TextDetection-VIN3";
				PRODUCT_NAME = "$(TARGET_NAME)";
				PROVISIONING_PROFILE_SPECIFIER = developer;
				TARGETED_DEVICE_FAMILY = "1,2";
				USER_HEADER_SEARCH_PATHS = "\"$(SRCROOT)/TextDetection-VIN3/PaddleOCR/pdocr\"";
			};
			name = Debug;
		};
		043B520626565FA200F11C1A /* Release */ = {
			isa = XCBuildConfiguration;
			buildSettings = {
				ASSETCATALOG_COMPILER_APPICON_NAME = AppIcon;
				ASSETCATALOG_COMPILER_GLOBAL_ACCENT_COLOR_NAME = AccentColor;
				CLANG_WARN_QUOTED_INCLUDE_IN_FRAMEWORK_HEADER = NO;
				CODE_SIGN_IDENTITY = "iPhone Developer";
				CODE_SIGN_STYLE = Manual;
				DEVELOPMENT_TEAM = CX9724CS5M;
				FRAMEWORK_SEARCH_PATHS = (
					"$(inherited)",
					"$(PROJECT_DIR)/TextDetection-VIN3/PaddleOCR",
				);
				INFOPLIST_FILE = "TextDetection-VIN3/Info.plist";
				IPHONEOS_DEPLOYMENT_TARGET = 13.0;
				LD_RUNPATH_SEARCH_PATHS = (
					"$(inherited)",
					"@executable_path/Frameworks",
				);
				LIBRARY_SEARCH_PATHS = (
					"$(inherited)",
					"$(PROJECT_DIR)/TextDetection-VIN3/PaddleOCR/lib",
				);
				OTHER_LDFLAGS = "$(PROJECT_DIR)/TextDetection-VIN3/PaddleOCR/lib/libpaddle_api_light_bundled.a";
				PRODUCT_BUNDLE_IDENTIFIER = "com.edu-edu.TextDetection-VIN3";
				PRODUCT_NAME = "$(TARGET_NAME)";
				PROVISIONING_PROFILE_SPECIFIER = developer;
				TARGETED_DEVICE_FAMILY = "1,2";
				USER_HEADER_SEARCH_PATHS = "\"$(SRCROOT)/TextDetection-VIN3/PaddleOCR/pdocr\"";
			};
			name = Release;
		};
/* End XCBuildConfiguration section */

/* Begin XCConfigurationList section */
		043B51E626565F9F00F11C1A /* Build configuration list for PBXProject "TextDetection-VIN3" */ = {
			isa = XCConfigurationList;
			buildConfigurations = (
				043B520226565FA200F11C1A /* Debug */,
				043B520326565FA200F11C1A /* Release */,
			);
			defaultConfigurationIsVisible = 0;
			defaultConfigurationName = Release;
		};
		043B520426565FA200F11C1A /* Build configuration list for PBXNativeTarget "TextDetection-VIN3" */ = {
			isa = XCConfigurationList;
			buildConfigurations = (
				043B520526565FA200F11C1A /* Debug */,
				043B520626565FA200F11C1A /* Release */,
			);
			defaultConfigurationIsVisible = 0;
			defaultConfigurationName = Release;
		};
/* End XCConfigurationList section */
	};
	rootObject = 043B51E326565F9F00F11C1A /* Project object */;
}
